
Microsoft Visual Studio Solution File, Format Version 12.00
# Visual Studio Version 17
VisualStudioVersion = 17.7.34221.43
MinimumVisualStudioVersion = 10.0.40219.1
Project("{FAE04EC0-301F-11D3-BF4B-00C04F79EFBC}") = "Bazi-demo", "Bazi-demo\Bazi-demo.csproj", "{0A45D8D0-0B81-43E5-B8DB-76AE39BD59DB}"
EndProject
Global
	GlobalSection(SolutionConfigurationPlatforms) = preSolution
		Debug|Any CPU = Debug|Any CPU
		Release|Any CPU = Release|Any CPU
	EndGlobalSection
	GlobalSection(ProjectConfigurationPlatforms) = postSolution
		{0A45D8D0-0B81-43E5-B8DB-76AE39BD59DB}.Debug|Any CPU.ActiveCfg = Debug|Any CPU
		{0A45D8D0-0B81-43E5-B8DB-76AE39BD59DB}.Debug|Any CPU.Build.0 = Debug|Any CPU
		{0A45D8D0-0B81-43E5-B8DB-76AE39BD59DB}.Release|Any CPU.ActiveCfg = Release|Any CPU
		{0A45D8D0-0B81-43E5-B8DB-76AE39BD59DB}.Release|Any CPU.Build.0 = Release|Any CPU
	EndGlobalSection
	GlobalSection(SolutionProperties) = preSolution
		HideSolutionNode = FALSE
	EndGlobalSection
	GlobalSection(ExtensibilityGlobals) = postSolution
		SolutionGuid = {9A2CF26F-8891-41E8-8290-8950D455349D}
	EndGlobalSection
EndGlobal
